
Microsoft Visual Studio Solution File, Format Version 12.00
# Visual Studio 14
VisualStudioVersion = 14.0.25420.1
MinimumVisualStudioVersion = 10.0.40219.1
Project("{159641D6-6404-4A2A-AE62-294DE0FE8301}") = "DynamicsODS ETL_Updatewebdev", "DynamicsODS ETL_Updatewebdev\DynamicsODS ETL_Updatewebdev.dtproj", "{A1627DB8-CC40-4EF5-8723-1B48A7DFD8D0}"
EndProject
Global
	GlobalSection(SolutionConfigurationPlatforms) = preSolution
		Development|Default = Development|Default
	EndGlobalSection
	GlobalSection(ProjectConfigurationPlatforms) = postSolution
		{A1627DB8-CC40-4EF5-8723-1B48A7DFD8D0}.Development|Default.ActiveCfg = Development
		{A1627DB8-CC40-4EF5-8723-1B48A7DFD8D0}.Development|Default.Build.0 = Development
	EndGlobalSection
	GlobalSection(SolutionProperties) = preSolution
		HideSolutionNode = FALSE
	EndGlobalSection
EndGlobal
