
Microsoft Visual Studio Solution File, Format Version 12.00
# Visual Studio 14
VisualStudioVersion = 14.0.25420.1
MinimumVisualStudioVersion = 10.0.40219.1
Project("{159641D6-6404-4A2A-AE62-294DE0FE8301}") = "API Manual Rebate Load", "API Manual Rebate Load\API Manual Rebate Load.dtproj", "{8D353227-A07B-4B9A-908A-6992BBFD0B2D}"
EndProject
Global
	GlobalSection(SolutionConfigurationPlatforms) = preSolution
		Development|Default = Development|Default
	EndGlobalSection
	GlobalSection(ProjectConfigurationPlatforms) = postSolution
		{8D353227-A07B-4B9A-908A-6992BBFD0B2D}.Development|Default.ActiveCfg = Development
		{8D353227-A07B-4B9A-908A-6992BBFD0B2D}.Development|Default.Build.0 = Development
	EndGlobalSection
	GlobalSection(SolutionProperties) = preSolution
		HideSolutionNode = FALSE
	EndGlobalSection
EndGlobal
