
Microsoft Visual Studio Solution File, Format Version 12.00
# Visual Studio 14
VisualStudioVersion = 14.0.25420.1
MinimumVisualStudioVersion = 10.0.40219.1
Project("{159641D6-6404-4A2A-AE62-294DE0FE8301}") = "API CONTRACTS ETL", "API CONTRACTS ETL\API CONTRACTS ETL.dtproj", "{5FCF990E-F769-41E9-8C42-DFA75290AADC}"
EndProject
Global
	GlobalSection(SolutionConfigurationPlatforms) = preSolution
		Development|Default = Development|Default
	EndGlobalSection
	GlobalSection(ProjectConfigurationPlatforms) = postSolution
		{5FCF990E-F769-41E9-8C42-DFA75290AADC}.Development|Default.ActiveCfg = Development
		{5FCF990E-F769-41E9-8C42-DFA75290AADC}.Development|Default.Build.0 = Development
	EndGlobalSection
	GlobalSection(SolutionProperties) = preSolution
		HideSolutionNode = FALSE
	EndGlobalSection
EndGlobal
