
Microsoft Visual Studio Solution File, Format Version 12.00
# Visual Studio 14
VisualStudioVersion = 14.0.25420.1
MinimumVisualStudioVersion = 10.0.40219.1
Project("{159641D6-6404-4A2A-AE62-294DE0FE8301}") = "Cardinal Account Extract for Arete", "Cardinal Account Extract for Arete\Cardinal Account Extract for Arete.dtproj", "{87EE97A0-2D4C-4AB6-BBE7-6B018D948363}"
EndProject
Global
	GlobalSection(SolutionConfigurationPlatforms) = preSolution
		Development|Default = Development|Default
	EndGlobalSection
	GlobalSection(ProjectConfigurationPlatforms) = postSolution
		{87EE97A0-2D4C-4AB6-BBE7-6B018D948363}.Development|Default.ActiveCfg = Development
		{87EE97A0-2D4C-4AB6-BBE7-6B018D948363}.Development|Default.Build.0 = Development
	EndGlobalSection
	GlobalSection(SolutionProperties) = preSolution
		HideSolutionNode = FALSE
	EndGlobalSection
EndGlobal
