
Microsoft Visual Studio Solution File, Format Version 12.00
# Visual Studio 14
VisualStudioVersion = 14.0.25420.1
MinimumVisualStudioVersion = 10.0.40219.1
Project("{159641D6-6404-4A2A-AE62-294DE0FE8301}") = "DB1.FairShare.FairShare_DB1", "DB1.FairShare.FairShare_DB1\DB1.FairShare.FairShare_DB1.dtproj", "{51444AB1-64F6-43B9-A4C0-B4BF721C1CA0}"
EndProject
Global
	GlobalSection(SolutionConfigurationPlatforms) = preSolution
		Development|Default = Development|Default
	EndGlobalSection
	GlobalSection(ProjectConfigurationPlatforms) = postSolution
		{51444AB1-64F6-43B9-A4C0-B4BF721C1CA0}.Development|Default.ActiveCfg = Development
		{51444AB1-64F6-43B9-A4C0-B4BF721C1CA0}.Development|Default.Build.0 = Development
	EndGlobalSection
	GlobalSection(SolutionProperties) = preSolution
		HideSolutionNode = FALSE
	EndGlobalSection
EndGlobal
