
Microsoft Visual Studio Solution File, Format Version 12.00
# Visual Studio 14
VisualStudioVersion = 14.0.25420.1
MinimumVisualStudioVersion = 10.0.40219.1
Project("{159641D6-6404-4A2A-AE62-294DE0FE8301}") = "DB1.CAH.CHAAP Import DB1", "DB1.CAH.CHAAP Import DB1\DB1.CAH.CHAAP Import DB1.dtproj", "{AB12A098-30C2-435F-8EC4-BE43CCCA8CF4}"
EndProject
Global
	GlobalSection(SolutionConfigurationPlatforms) = preSolution
		Development|Default = Development|Default
	EndGlobalSection
	GlobalSection(ProjectConfigurationPlatforms) = postSolution
		{AB12A098-30C2-435F-8EC4-BE43CCCA8CF4}.Development|Default.ActiveCfg = Development
		{AB12A098-30C2-435F-8EC4-BE43CCCA8CF4}.Development|Default.Build.0 = Development
	EndGlobalSection
	GlobalSection(SolutionProperties) = preSolution
		HideSolutionNode = FALSE
	EndGlobalSection
EndGlobal
