
Microsoft Visual Studio Solution File, Format Version 12.00
# Visual Studio 14
VisualStudioVersion = 14.0.25420.1
MinimumVisualStudioVersion = 10.0.40219.1
Project("{159641D6-6404-4A2A-AE62-294DE0FE8301}") = "Fair Share ETL", "Fair Share ETL\Fair Share ETL.dtproj", "{9E610F5C-AB20-4858-BC0D-D608B9667F6A}"
EndProject
Global
	GlobalSection(SolutionConfigurationPlatforms) = preSolution
		Development|Default = Development|Default
	EndGlobalSection
	GlobalSection(ProjectConfigurationPlatforms) = postSolution
		{9E610F5C-AB20-4858-BC0D-D608B9667F6A}.Development|Default.ActiveCfg = Development
		{9E610F5C-AB20-4858-BC0D-D608B9667F6A}.Development|Default.Build.0 = Development
	EndGlobalSection
	GlobalSection(SolutionProperties) = preSolution
		HideSolutionNode = FALSE
	EndGlobalSection
EndGlobal
