
Microsoft Visual Studio Solution File, Format Version 12.00
# Visual Studio 14
VisualStudioVersion = 14.0.25420.1
MinimumVisualStudioVersion = 10.0.40219.1
Project("{159641D6-6404-4A2A-AE62-294DE0FE8301}") = "DB1.Rx30.RX30_DB1", "DB1.Rx30.RX30_DB1\DB1.Rx30.RX30_DB1.dtproj", "{E10950B5-8082-476E-9E2F-1127A01E0CD5}"
EndProject
Global
	GlobalSection(SolutionConfigurationPlatforms) = preSolution
		Development|Default = Development|Default
	EndGlobalSection
	GlobalSection(ProjectConfigurationPlatforms) = postSolution
		{E10950B5-8082-476E-9E2F-1127A01E0CD5}.Development|Default.ActiveCfg = Development
		{E10950B5-8082-476E-9E2F-1127A01E0CD5}.Development|Default.Build.0 = Development
	EndGlobalSection
	GlobalSection(SolutionProperties) = preSolution
		HideSolutionNode = FALSE
	EndGlobalSection
EndGlobal
