
Microsoft Visual Studio Solution File, Format Version 12.00
# Visual Studio 14
VisualStudioVersion = 14.0.25420.1
MinimumVisualStudioVersion = 10.0.40219.1
Project("{159641D6-6404-4A2A-AE62-294DE0FE8301}") = "CHPH_AAP ETL to AAPDW1", "CHPH_AAP ETL to AAPDW1\CHPH_AAP ETL to AAPDW1.dtproj", "{9384E9AF-ECD1-4124-BBD6-5B3A5AF4850B}"
EndProject
Global
	GlobalSection(SolutionConfigurationPlatforms) = preSolution
		Development|Default = Development|Default
	EndGlobalSection
	GlobalSection(ProjectConfigurationPlatforms) = postSolution
		{9384E9AF-ECD1-4124-BBD6-5B3A5AF4850B}.Development|Default.ActiveCfg = Development
		{9384E9AF-ECD1-4124-BBD6-5B3A5AF4850B}.Development|Default.Build.0 = Development
	EndGlobalSection
	GlobalSection(SolutionProperties) = preSolution
		HideSolutionNode = FALSE
	EndGlobalSection
EndGlobal
