
Microsoft Visual Studio Solution File, Format Version 12.00
# Visual Studio 14
VisualStudioVersion = 14.0.25420.1
MinimumVisualStudioVersion = 10.0.40219.1
Project("{159641D6-6404-4A2A-AE62-294DE0FE8301}") = "DB1.API.API_DB1", "DB1.API.API_DB1\DB1.API.API_DB1.dtproj", "{A17623CB-5098-403A-A2D2-62F0CD3ACC3C}"
EndProject
Global
	GlobalSection(SolutionConfigurationPlatforms) = preSolution
		Development|Default = Development|Default
	EndGlobalSection
	GlobalSection(ProjectConfigurationPlatforms) = postSolution
		{A17623CB-5098-403A-A2D2-62F0CD3ACC3C}.Development|Default.ActiveCfg = Development
		{A17623CB-5098-403A-A2D2-62F0CD3ACC3C}.Development|Default.Build.0 = Development
	EndGlobalSection
	GlobalSection(SolutionProperties) = preSolution
		HideSolutionNode = FALSE
	EndGlobalSection
EndGlobal
